
Microsoft Visual Studio Solution File, Format Version 12.00
# Visual Studio 15
VisualStudioVersion = 15.0.28010.2036
MinimumVisualStudioVersion = 10.0.40219.1
Project("{FAE04EC0-301F-11D3-BF4B-00C04F79EFBC}") = "GrandCircusLab14", "GrandCircusLab14\GrandCircusLab14.csproj", "{928ADC5B-83AA-4EE3-8346-ABBF2FC5E449}"
EndProject
Global
	GlobalSection(SolutionConfigurationPlatforms) = preSolution
		Debug|Any CPU = Debug|Any CPU
		Release|Any CPU = Release|Any CPU
	EndGlobalSection
	GlobalSection(ProjectConfigurationPlatforms) = postSolution
		{928ADC5B-83AA-4EE3-8346-ABBF2FC5E449}.Debug|Any CPU.ActiveCfg = Debug|Any CPU
		{928ADC5B-83AA-4EE3-8346-ABBF2FC5E449}.Debug|Any CPU.Build.0 = Debug|Any CPU
		{928ADC5B-83AA-4EE3-8346-ABBF2FC5E449}.Release|Any CPU.ActiveCfg = Release|Any CPU
		{928ADC5B-83AA-4EE3-8346-ABBF2FC5E449}.Release|Any CPU.Build.0 = Release|Any CPU
	EndGlobalSection
	GlobalSection(SolutionProperties) = preSolution
		HideSolutionNode = FALSE
	EndGlobalSection
	GlobalSection(ExtensibilityGlobals) = postSolution
		SolutionGuid = {FE32A483-FBB8-443D-914F-507F73E6AA55}
	EndGlobalSection
EndGlobal
